<?xml version="1.0" encoding="utf-8"?>
<Project ToolsVersion="4.0" xmlns="http://schemas.microsoft.com/developer/msbuild/2003">
  <ItemGroup>
    <Filter Include="Source Files">
      <UniqueIdentifier>{4FC737F1-C7A5-4376-A066-2A32D752A2FF}</UniqueIdentifier>
      <Extensions>cpp;c;cc;cxx;c++;cppm;ixx;def;odl;idl;hpj;bat;asm;asmx</Extensions>
    </Filter>
    <Filter Include="Header Files">
      <UniqueIdentifier>{93995380-89BD-4b04-88EB-625FBE52EBFB}</UniqueIdentifier>
      <Extensions>h;hh;hpp;hxx;h++;hm;inl;inc;ipp;xsd</Extensions>
    </Filter>
    <Filter Include="Resource Files">
      <UniqueIdentifier>{67DA6AB6-F800-4c08-8B7A-83BB121AAD01}</UniqueIdentifier>
      <Extensions>rc;ico;cur;bmp;dlg;rc2;rct;bin;rgs;gif;jpg;jpeg;jpe;resx;tiff;tif;png;wav;mfcribbon-ms</Extensions>
    </Filter>
    <Filter Include="Source Files\Util">
      <UniqueIdentifier>{7af8a9b8-4616-4a15-8b86-c00e59258d44}</UniqueIdentifier>
    </Filter>
    <Filter Include="Source Files\Interfaces">
      <UniqueIdentifier>{3af499d2-04f0-4a93-bbc9-660628b5b65e}</UniqueIdentifier>
    </Filter>
    <Filter Include="Source Files\2023">
      <UniqueIdentifier>{995c8ddc-e288-4f3a-94e2-feeb222a9499}</UniqueIdentifier>
    </Filter>
  </ItemGroup>
  <ItemGroup>
    <ClCompile Include="main.cpp">
      <Filter>Source Files</Filter>
    </ClCompile>
    <ClCompile Include="2023\day1.cpp">
      <Filter>Source Files\2023</Filter>
    </ClCompile>
    <ClCompile Include="Util\util.cpp">
      <Filter>Source Files\Util</Filter>
    </ClCompile>
    <ClCompile Include="Util\DayFactory.cpp">
      <Filter>Source Files</Filter>
    </ClCompile>
    <ClCompile Include="2023\day2.cpp">
      <Filter>Source Files</Filter>
    </ClCompile>
    <ClCompile Include="2023\day3.cpp">
      <Filter>Source Files</Filter>
    </ClCompile>
    <ClCompile Include="2023\day4.cpp">
      <Filter>Source Files</Filter>
    </ClCompile>
    <ClCompile Include="2023\day5.cpp">
      <Filter>Source Files</Filter>
    </ClCompile>
  </ItemGroup>
  <ItemGroup>
    <ClInclude Include="2023\day1.h">
      <Filter>Header Files</Filter>
    </ClInclude>
    <ClInclude Include="Util\util.h">
      <Filter>Source Files\Util</Filter>
    </ClInclude>
    <ClInclude Include="Interfaces\IDay.h">
      <Filter>Header Files</Filter>
    </ClInclude>
    <ClInclude Include="Util\DayFactory.h">
      <Filter>Header Files</Filter>
    </ClInclude>
    <ClInclude Include="2023\day2.h">
      <Filter>Header Files</Filter>
    </ClInclude>
    <ClInclude Include="2023\day3.h">
      <Filter>Header Files</Filter>
    </ClInclude>
    <ClInclude Include="2023\day4.h">
      <Filter>Header Files</Filter>
    </ClInclude>
    <ClInclude Include="2023\day5.h">
      <Filter>Header Files</Filter>
    </ClInclude>
  </ItemGroup>
  <ItemGroup>
    <Text Include="2023\Inputs\Day1.txt" />
    <Text Include="2023\Inputs\Day2.txt" />
    <Text Include="2023\Inputs\Day3.txt" />
    <Text Include="2023\Inputs\Day4.txt" />
    <Text Include="2023\Inputs\Day5.txt" />
  </ItemGroup>
</Project>